
Microsoft Visual Studio Solution File, Format Version 12.00
# Visual Studio 15
VisualStudioVersion = 15.0.27703.2035
MinimumVisualStudioVersion = 10.0.40219.1
Project("{FAE04EC0-301F-11D3-BF4B-00C04F79EFBC}") = "Fridge_and_Forms", "Fridge_and_Forms\Fridge_and_Forms.csproj", "{1871076B-A535-4A67-8B69-397862994A3E}"
EndProject
Global
	GlobalSection(SolutionConfigurationPlatforms) = preSolution
		Debug|Any CPU = Debug|Any CPU
		Release|Any CPU = Release|Any CPU
	EndGlobalSection
	GlobalSection(ProjectConfigurationPlatforms) = postSolution
		{1871076B-A535-4A67-8B69-397862994A3E}.Debug|Any CPU.ActiveCfg = Debug|Any CPU
		{1871076B-A535-4A67-8B69-397862994A3E}.Debug|Any CPU.Build.0 = Debug|Any CPU
		{1871076B-A535-4A67-8B69-397862994A3E}.Release|Any CPU.ActiveCfg = Release|Any CPU
		{1871076B-A535-4A67-8B69-397862994A3E}.Release|Any CPU.Build.0 = Release|Any CPU
	EndGlobalSection
	GlobalSection(SolutionProperties) = preSolution
		HideSolutionNode = FALSE
	EndGlobalSection
	GlobalSection(ExtensibilityGlobals) = postSolution
		SolutionGuid = {7D1E7F5F-AE6F-466F-8B42-868FB4CCF70F}
	EndGlobalSection
EndGlobal
